
Microsoft Visual Studio Solution File, Format Version 12.00
# Visual Studio Version 17
VisualStudioVersion = 17.11.35303.130
MinimumVisualStudioVersion = 10.0.40219.1
Project("{9A19103F-16F7-4668-BE54-9A1E7A4F7556}") = "Shopping.API", "Shopping.API\Shopping.API.csproj", "{66EFDEC5-F6D6-40E8-AC5A-CE47509A7C11}"
EndProject
Project("{9A19103F-16F7-4668-BE54-9A1E7A4F7556}") = "Shopping.Application", "Shopping.Application\Shopping.Application.csproj", "{AA1BD3E5-2455-4081-ABD3-2D79F175343F}"
EndProject
Project("{9A19103F-16F7-4668-BE54-9A1E7A4F7556}") = "Shopping.Domain", "Shopping.Domain\Shopping.Domain.csproj", "{D16A09A4-31CB-443A-8659-AD2CEB3B6701}"
EndProject
Project("{9A19103F-16F7-4668-BE54-9A1E7A4F7556}") = "Shopping.Infrastructure", "Shopping.Infastructure\Shopping.Infrastructure.csproj", "{2F34B761-5C64-4FA0-A659-857AA8798E20}"
EndProject
Project("{FAE04EC0-301F-11D3-BF4B-00C04F79EFBC}") = "BuildingBlocks", "BuildingBlocks\BuildingBlocks.csproj", "{680899B3-B166-4445-9D03-7398302E742E}"
EndProject
Global
	GlobalSection(SolutionConfigurationPlatforms) = preSolution
		Debug|Any CPU = Debug|Any CPU
		Release|Any CPU = Release|Any CPU
	EndGlobalSection
	GlobalSection(ProjectConfigurationPlatforms) = postSolution
		{66EFDEC5-F6D6-40E8-AC5A-CE47509A7C11}.Debug|Any CPU.ActiveCfg = Debug|Any CPU
		{66EFDEC5-F6D6-40E8-AC5A-CE47509A7C11}.Debug|Any CPU.Build.0 = Debug|Any CPU
		{66EFDEC5-F6D6-40E8-AC5A-CE47509A7C11}.Release|Any CPU.ActiveCfg = Release|Any CPU
		{66EFDEC5-F6D6-40E8-AC5A-CE47509A7C11}.Release|Any CPU.Build.0 = Release|Any CPU
		{AA1BD3E5-2455-4081-ABD3-2D79F175343F}.Debug|Any CPU.ActiveCfg = Debug|Any CPU
		{AA1BD3E5-2455-4081-ABD3-2D79F175343F}.Debug|Any CPU.Build.0 = Debug|Any CPU
		{AA1BD3E5-2455-4081-ABD3-2D79F175343F}.Release|Any CPU.ActiveCfg = Release|Any CPU
		{AA1BD3E5-2455-4081-ABD3-2D79F175343F}.Release|Any CPU.Build.0 = Release|Any CPU
		{D16A09A4-31CB-443A-8659-AD2CEB3B6701}.Debug|Any CPU.ActiveCfg = Debug|Any CPU
		{D16A09A4-31CB-443A-8659-AD2CEB3B6701}.Debug|Any CPU.Build.0 = Debug|Any CPU
		{D16A09A4-31CB-443A-8659-AD2CEB3B6701}.Release|Any CPU.ActiveCfg = Release|Any CPU
		{D16A09A4-31CB-443A-8659-AD2CEB3B6701}.Release|Any CPU.Build.0 = Release|Any CPU
		{2F34B761-5C64-4FA0-A659-857AA8798E20}.Debug|Any CPU.ActiveCfg = Debug|Any CPU
		{2F34B761-5C64-4FA0-A659-857AA8798E20}.Debug|Any CPU.Build.0 = Debug|Any CPU
		{2F34B761-5C64-4FA0-A659-857AA8798E20}.Release|Any CPU.ActiveCfg = Release|Any CPU
		{2F34B761-5C64-4FA0-A659-857AA8798E20}.Release|Any CPU.Build.0 = Release|Any CPU
		{680899B3-B166-4445-9D03-7398302E742E}.Debug|Any CPU.ActiveCfg = Debug|Any CPU
		{680899B3-B166-4445-9D03-7398302E742E}.Debug|Any CPU.Build.0 = Debug|Any CPU
		{680899B3-B166-4445-9D03-7398302E742E}.Release|Any CPU.ActiveCfg = Release|Any CPU
		{680899B3-B166-4445-9D03-7398302E742E}.Release|Any CPU.Build.0 = Release|Any CPU
	EndGlobalSection
	GlobalSection(SolutionProperties) = preSolution
		HideSolutionNode = FALSE
	EndGlobalSection
	GlobalSection(ExtensibilityGlobals) = postSolution
		SolutionGuid = {633C0672-7A02-4B1F-8D0B-C422D56F9F76}
	EndGlobalSection
EndGlobal
